
Microsoft Visual Studio Solution File, Format Version 12.00
# Visual Studio Version 17
VisualStudioVersion = 17.5.2.0
MinimumVisualStudioVersion = 10.0.40219.1
Project("{2150E333-8FDC-42A3-9474-1A3956D46DE8}") = "App", "App", "{F95F473B-E98A-ACD6-1986-755F447BE36F}"
EndProject
Project("{FAE04EC0-301F-11D3-BF4B-00C04F79EFBC}") = "Genius.QRCode.Api.App", "App\Genius.QRCode.Api.App.csproj", "{93BE4CB4-B1F2-47F9-9D2B-9FB2760EE370}"
EndProject
Project("{2150E333-8FDC-42A3-9474-1A3956D46DE8}") = "Application", "Application", "{A74F262E-BDE7-D5D2-89E9-785413424D0A}"
EndProject
Project("{FAE04EC0-301F-11D3-BF4B-00C04F79EFBC}") = "Genius.QRCode.Api.Application", "Application\Genius.QRCode.Api.Application.csproj", "{202D4D99-66F0-4B00-8DE9-7FBFCCBDF312}"
EndProject
Project("{2150E333-8FDC-42A3-9474-1A3956D46DE8}") = "Common", "Common", "{881589EE-639B-0A35-DBCE-5D94E4FC90C0}"
EndProject
Project("{FAE04EC0-301F-11D3-BF4B-00C04F79EFBC}") = "Genius.QRCode.Api.Common", "Common\Genius.QRCode.Api.Common.csproj", "{9A6BA830-0028-4AC4-9EFE-3EEE39E5BBC4}"
EndProject
Project("{2150E333-8FDC-42A3-9474-1A3956D46DE8}") = "Domain", "Domain", "{996CEBED-A05B-5D42-3FF0-982E087A2599}"
EndProject
Project("{FAE04EC0-301F-11D3-BF4B-00C04F79EFBC}") = "Genius.QRCode.Api.Domain", "Domain\Genius.QRCode.Api.Domain.csproj", "{A5889979-A937-4D4D-A028-78C860ED7A4D}"
EndProject
Project("{2150E333-8FDC-42A3-9474-1A3956D46DE8}") = "Infraestructure", "Infraestructure", "{5F2D6C5E-958A-53A0-F165-1DE2881DEE8D}"
EndProject
Project("{FAE04EC0-301F-11D3-BF4B-00C04F79EFBC}") = "Genius.QRCode.Api.Infraestructure", "Infraestructure\Genius.QRCode.Api.Infraestructure.csproj", "{B5310534-0291-4EE0-9AF0-0AFCC1058B4F}"
EndProject
Project("{2150E333-8FDC-42A3-9474-1A3956D46DE8}") = "InterfaceAdapters", "InterfaceAdapters", "{269BF90E-A989-6581-A236-66545161C6A4}"
EndProject
Project("{FAE04EC0-301F-11D3-BF4B-00C04F79EFBC}") = "Genius.QRCode.Api.InterfaceAdapters", "InterfaceAdapters\Genius.QRCode.Api.InterfaceAdapters.csproj", "{5ED4C7C7-EDE6-4544-9AB0-03856F974131}"
EndProject
Project("{2150E333-8FDC-42A3-9474-1A3956D46DE8}") = "Tests", "Tests", "{0AB3BF05-4346-4AA6-1389-037BE0695223}"
EndProject
Project("{FAE04EC0-301F-11D3-BF4B-00C04F79EFBC}") = "Genius.QRCode.Api.Tests", "Tests\Genius.QRCode.Api.Tests.csproj", "{CDD0E29E-5BB8-4559-BE09-B42B5F5D8673}"
EndProject
Global
	GlobalSection(SolutionConfigurationPlatforms) = preSolution
		Debug|Any CPU = Debug|Any CPU
		Debug|x64 = Debug|x64
		Debug|x86 = Debug|x86
		Release|Any CPU = Release|Any CPU
		Release|x64 = Release|x64
		Release|x86 = Release|x86
	EndGlobalSection
	GlobalSection(ProjectConfigurationPlatforms) = postSolution
		{93BE4CB4-B1F2-47F9-9D2B-9FB2760EE370}.Debug|Any CPU.ActiveCfg = Debug|Any CPU
		{93BE4CB4-B1F2-47F9-9D2B-9FB2760EE370}.Debug|Any CPU.Build.0 = Debug|Any CPU
		{93BE4CB4-B1F2-47F9-9D2B-9FB2760EE370}.Debug|x64.ActiveCfg = Debug|Any CPU
		{93BE4CB4-B1F2-47F9-9D2B-9FB2760EE370}.Debug|x64.Build.0 = Debug|Any CPU
		{93BE4CB4-B1F2-47F9-9D2B-9FB2760EE370}.Debug|x86.ActiveCfg = Debug|Any CPU
		{93BE4CB4-B1F2-47F9-9D2B-9FB2760EE370}.Debug|x86.Build.0 = Debug|Any CPU
		{93BE4CB4-B1F2-47F9-9D2B-9FB2760EE370}.Release|Any CPU.ActiveCfg = Release|Any CPU
		{93BE4CB4-B1F2-47F9-9D2B-9FB2760EE370}.Release|Any CPU.Build.0 = Release|Any CPU
		{93BE4CB4-B1F2-47F9-9D2B-9FB2760EE370}.Release|x64.ActiveCfg = Release|Any CPU
		{93BE4CB4-B1F2-47F9-9D2B-9FB2760EE370}.Release|x64.Build.0 = Release|Any CPU
		{93BE4CB4-B1F2-47F9-9D2B-9FB2760EE370}.Release|x86.ActiveCfg = Release|Any CPU
		{93BE4CB4-B1F2-47F9-9D2B-9FB2760EE370}.Release|x86.Build.0 = Release|Any CPU
		{202D4D99-66F0-4B00-8DE9-7FBFCCBDF312}.Debug|Any CPU.ActiveCfg = Debug|Any CPU
		{202D4D99-66F0-4B00-8DE9-7FBFCCBDF312}.Debug|Any CPU.Build.0 = Debug|Any CPU
		{202D4D99-66F0-4B00-8DE9-7FBFCCBDF312}.Debug|x64.ActiveCfg = Debug|Any CPU
		{202D4D99-66F0-4B00-8DE9-7FBFCCBDF312}.Debug|x64.Build.0 = Debug|Any CPU
		{202D4D99-66F0-4B00-8DE9-7FBFCCBDF312}.Debug|x86.ActiveCfg = Debug|Any CPU
		{202D4D99-66F0-4B00-8DE9-7FBFCCBDF312}.Debug|x86.Build.0 = Debug|Any CPU
		{202D4D99-66F0-4B00-8DE9-7FBFCCBDF312}.Release|Any CPU.ActiveCfg = Release|Any CPU
		{202D4D99-66F0-4B00-8DE9-7FBFCCBDF312}.Release|Any CPU.Build.0 = Release|Any CPU
		{202D4D99-66F0-4B00-8DE9-7FBFCCBDF312}.Release|x64.ActiveCfg = Release|Any CPU
		{202D4D99-66F0-4B00-8DE9-7FBFCCBDF312}.Release|x64.Build.0 = Release|Any CPU
		{202D4D99-66F0-4B00-8DE9-7FBFCCBDF312}.Release|x86.ActiveCfg = Release|Any CPU
		{202D4D99-66F0-4B00-8DE9-7FBFCCBDF312}.Release|x86.Build.0 = Release|Any CPU
		{9A6BA830-0028-4AC4-9EFE-3EEE39E5BBC4}.Debug|Any CPU.ActiveCfg = Debug|Any CPU
		{9A6BA830-0028-4AC4-9EFE-3EEE39E5BBC4}.Debug|Any CPU.Build.0 = Debug|Any CPU
		{9A6BA830-0028-4AC4-9EFE-3EEE39E5BBC4}.Debug|x64.ActiveCfg = Debug|Any CPU
		{9A6BA830-0028-4AC4-9EFE-3EEE39E5BBC4}.Debug|x64.Build.0 = Debug|Any CPU
		{9A6BA830-0028-4AC4-9EFE-3EEE39E5BBC4}.Debug|x86.ActiveCfg = Debug|Any CPU
		{9A6BA830-0028-4AC4-9EFE-3EEE39E5BBC4}.Debug|x86.Build.0 = Debug|Any CPU
		{9A6BA830-0028-4AC4-9EFE-3EEE39E5BBC4}.Release|Any CPU.ActiveCfg = Release|Any CPU
		{9A6BA830-0028-4AC4-9EFE-3EEE39E5BBC4}.Release|Any CPU.Build.0 = Release|Any CPU
		{9A6BA830-0028-4AC4-9EFE-3EEE39E5BBC4}.Release|x64.ActiveCfg = Release|Any CPU
		{9A6BA830-0028-4AC4-9EFE-3EEE39E5BBC4}.Release|x64.Build.0 = Release|Any CPU
		{9A6BA830-0028-4AC4-9EFE-3EEE39E5BBC4}.Release|x86.ActiveCfg = Release|Any CPU
		{9A6BA830-0028-4AC4-9EFE-3EEE39E5BBC4}.Release|x86.Build.0 = Release|Any CPU
		{A5889979-A937-4D4D-A028-78C860ED7A4D}.Debug|Any CPU.ActiveCfg = Debug|Any CPU
		{A5889979-A937-4D4D-A028-78C860ED7A4D}.Debug|Any CPU.Build.0 = Debug|Any CPU
		{A5889979-A937-4D4D-A028-78C860ED7A4D}.Debug|x64.ActiveCfg = Debug|Any CPU
		{A5889979-A937-4D4D-A028-78C860ED7A4D}.Debug|x64.Build.0 = Debug|Any CPU
		{A5889979-A937-4D4D-A028-78C860ED7A4D}.Debug|x86.ActiveCfg = Debug|Any CPU
		{A5889979-A937-4D4D-A028-78C860ED7A4D}.Debug|x86.Build.0 = Debug|Any CPU
		{A5889979-A937-4D4D-A028-78C860ED7A4D}.Release|Any CPU.ActiveCfg = Release|Any CPU
		{A5889979-A937-4D4D-A028-78C860ED7A4D}.Release|Any CPU.Build.0 = Release|Any CPU
		{A5889979-A937-4D4D-A028-78C860ED7A4D}.Release|x64.ActiveCfg = Release|Any CPU
		{A5889979-A937-4D4D-A028-78C860ED7A4D}.Release|x64.Build.0 = Release|Any CPU
		{A5889979-A937-4D4D-A028-78C860ED7A4D}.Release|x86.ActiveCfg = Release|Any CPU
		{A5889979-A937-4D4D-A028-78C860ED7A4D}.Release|x86.Build.0 = Release|Any CPU
		{B5310534-0291-4EE0-9AF0-0AFCC1058B4F}.Debug|Any CPU.ActiveCfg = Debug|Any CPU
		{B5310534-0291-4EE0-9AF0-0AFCC1058B4F}.Debug|Any CPU.Build.0 = Debug|Any CPU
		{B5310534-0291-4EE0-9AF0-0AFCC1058B4F}.Debug|x64.ActiveCfg = Debug|Any CPU
		{B5310534-0291-4EE0-9AF0-0AFCC1058B4F}.Debug|x64.Build.0 = Debug|Any CPU
		{B5310534-0291-4EE0-9AF0-0AFCC1058B4F}.Debug|x86.ActiveCfg = Debug|Any CPU
		{B5310534-0291-4EE0-9AF0-0AFCC1058B4F}.Debug|x86.Build.0 = Debug|Any CPU
		{B5310534-0291-4EE0-9AF0-0AFCC1058B4F}.Release|Any CPU.ActiveCfg = Release|Any CPU
		{B5310534-0291-4EE0-9AF0-0AFCC1058B4F}.Release|Any CPU.Build.0 = Release|Any CPU
		{B5310534-0291-4EE0-9AF0-0AFCC1058B4F}.Release|x64.ActiveCfg = Release|Any CPU
		{B5310534-0291-4EE0-9AF0-0AFCC1058B4F}.Release|x64.Build.0 = Release|Any CPU
		{B5310534-0291-4EE0-9AF0-0AFCC1058B4F}.Release|x86.ActiveCfg = Release|Any CPU
		{B5310534-0291-4EE0-9AF0-0AFCC1058B4F}.Release|x86.Build.0 = Release|Any CPU
		{5ED4C7C7-EDE6-4544-9AB0-03856F974131}.Debug|Any CPU.ActiveCfg = Debug|Any CPU
		{5ED4C7C7-EDE6-4544-9AB0-03856F974131}.Debug|Any CPU.Build.0 = Debug|Any CPU
		{5ED4C7C7-EDE6-4544-9AB0-03856F974131}.Debug|x64.ActiveCfg = Debug|Any CPU
		{5ED4C7C7-EDE6-4544-9AB0-03856F974131}.Debug|x64.Build.0 = Debug|Any CPU
		{5ED4C7C7-EDE6-4544-9AB0-03856F974131}.Debug|x86.ActiveCfg = Debug|Any CPU
		{5ED4C7C7-EDE6-4544-9AB0-03856F974131}.Debug|x86.Build.0 = Debug|Any CPU
		{5ED4C7C7-EDE6-4544-9AB0-03856F974131}.Release|Any CPU.ActiveCfg = Release|Any CPU
		{5ED4C7C7-EDE6-4544-9AB0-03856F974131}.Release|Any CPU.Build.0 = Release|Any CPU
		{5ED4C7C7-EDE6-4544-9AB0-03856F974131}.Release|x64.ActiveCfg = Release|Any CPU
		{5ED4C7C7-EDE6-4544-9AB0-03856F974131}.Release|x64.Build.0 = Release|Any CPU
		{5ED4C7C7-EDE6-4544-9AB0-03856F974131}.Release|x86.ActiveCfg = Release|Any CPU
		{5ED4C7C7-EDE6-4544-9AB0-03856F974131}.Release|x86.Build.0 = Release|Any CPU
		{CDD0E29E-5BB8-4559-BE09-B42B5F5D8673}.Debug|Any CPU.ActiveCfg = Debug|Any CPU
		{CDD0E29E-5BB8-4559-BE09-B42B5F5D8673}.Debug|Any CPU.Build.0 = Debug|Any CPU
		{CDD0E29E-5BB8-4559-BE09-B42B5F5D8673}.Debug|x64.ActiveCfg = Debug|Any CPU
		{CDD0E29E-5BB8-4559-BE09-B42B5F5D8673}.Debug|x64.Build.0 = Debug|Any CPU
		{CDD0E29E-5BB8-4559-BE09-B42B5F5D8673}.Debug|x86.ActiveCfg = Debug|Any CPU
		{CDD0E29E-5BB8-4559-BE09-B42B5F5D8673}.Debug|x86.Build.0 = Debug|Any CPU
		{CDD0E29E-5BB8-4559-BE09-B42B5F5D8673}.Release|Any CPU.ActiveCfg = Release|Any CPU
		{CDD0E29E-5BB8-4559-BE09-B42B5F5D8673}.Release|Any CPU.Build.0 = Release|Any CPU
		{CDD0E29E-5BB8-4559-BE09-B42B5F5D8673}.Release|x64.ActiveCfg = Release|Any CPU
		{CDD0E29E-5BB8-4559-BE09-B42B5F5D8673}.Release|x64.Build.0 = Release|Any CPU
		{CDD0E29E-5BB8-4559-BE09-B42B5F5D8673}.Release|x86.ActiveCfg = Release|Any CPU
		{CDD0E29E-5BB8-4559-BE09-B42B5F5D8673}.Release|x86.Build.0 = Release|Any CPU
	EndGlobalSection
	GlobalSection(SolutionProperties) = preSolution
		HideSolutionNode = FALSE
	EndGlobalSection
	GlobalSection(NestedProjects) = preSolution
		{93BE4CB4-B1F2-47F9-9D2B-9FB2760EE370} = {F95F473B-E98A-ACD6-1986-755F447BE36F}
		{202D4D99-66F0-4B00-8DE9-7FBFCCBDF312} = {A74F262E-BDE7-D5D2-89E9-785413424D0A}
		{9A6BA830-0028-4AC4-9EFE-3EEE39E5BBC4} = {881589EE-639B-0A35-DBCE-5D94E4FC90C0}
		{A5889979-A937-4D4D-A028-78C860ED7A4D} = {996CEBED-A05B-5D42-3FF0-982E087A2599}
		{B5310534-0291-4EE0-9AF0-0AFCC1058B4F} = {5F2D6C5E-958A-53A0-F165-1DE2881DEE8D}
		{5ED4C7C7-EDE6-4544-9AB0-03856F974131} = {269BF90E-A989-6581-A236-66545161C6A4}
		{CDD0E29E-5BB8-4559-BE09-B42B5F5D8673} = {0AB3BF05-4346-4AA6-1389-037BE0695223}
	EndGlobalSection
	GlobalSection(ExtensibilityGlobals) = postSolution
		SolutionGuid = {5AAED08A-0758-4AB2-B082-5019C9240ED6}
	EndGlobalSection
EndGlobal
